
Microsoft Visual Studio Solution File, Format Version 11.00
# Visual Studio 2010
Project("{8BC9CEB8-8B4A-11D0-8D11-00A0C91BC942}") = "Nineball.Core", "Nineball.Core\Nineball.Core.vcxproj", "{A4818DB9-9E34-411C-A7ED-77FFCD3E9B99}"
EndProject
Global
	GlobalSection(SolutionConfigurationPlatforms) = preSolution
		Debug|Win32 = Debug|Win32
		Release|Win32 = Release|Win32
	EndGlobalSection
	GlobalSection(ProjectConfigurationPlatforms) = postSolution
		{A4818DB9-9E34-411C-A7ED-77FFCD3E9B99}.Debug|Win32.ActiveCfg = Debug|Win32
		{A4818DB9-9E34-411C-A7ED-77FFCD3E9B99}.Debug|Win32.Build.0 = Debug|Win32
		{A4818DB9-9E34-411C-A7ED-77FFCD3E9B99}.Release|Win32.ActiveCfg = Release|Win32
		{A4818DB9-9E34-411C-A7ED-77FFCD3E9B99}.Release|Win32.Build.0 = Release|Win32
	EndGlobalSection
	GlobalSection(SolutionProperties) = preSolution
		HideSolutionNode = FALSE
	EndGlobalSection
EndGlobal
