// !$*UTF8*$!
{
	archiveVersion = 1;
	classes = {
	};
	objectVersion = 45;
	objects = {

/* Begin PBXAggregateTarget section */
		E7B5E8630FB81721007C0CDD /* Build All */ = {
			isa = PBXAggregateTarget;
			buildConfigurationList = E7B5E8660FB8173F007C0CDD /* Build configuration list for PBXAggregateTarget "Build All" */;
			buildPhases = (
				E7B5E8620FB81721007C0CDD /* ShellScript */,
			);
			dependencies = (
				E7B5E86A0FB8173F007C0CDD /* PBXTargetDependency */,
				E7B5E8680FB8173F007C0CDD /* PBXTargetDependency */,
			);
			name = "Build All";
			productName = "Build All";
		};
/* End PBXAggregateTarget section */

/* Begin PBXBuildFile section */
		E73F9B7B0FB90B9900F93E4F /* NCBundleAlert.h in Headers */ = {isa = PBXBuildFile; fileRef = E73F9B6D0FB90B9900F93E4F /* NCBundleAlert.h */; };
		E73F9B7C0FB90B9900F93E4F /* NCBundleAlert.m in Sources */ = {isa = PBXBuildFile; fileRef = E73F9B6E0FB90B9900F93E4F /* NCBundleAlert.m */; };
		E73F9B7D0FB90B9900F93E4F /* NCInterpolate.h in Headers */ = {isa = PBXBuildFile; fileRef = E73F9B6F0FB90B9900F93E4F /* NCInterpolate.h */; };
		E73F9B7E0FB90B9900F93E4F /* NCInterpolate.m in Sources */ = {isa = PBXBuildFile; fileRef = E73F9B700FB90B9900F93E4F /* NCInterpolate.m */; };
		E73F9B7F0FB90B9900F93E4F /* NCPhaseManager.h in Headers */ = {isa = PBXBuildFile; fileRef = E73F9B710FB90B9900F93E4F /* NCPhaseManager.h */; };
		E73F9B800FB90B9900F93E4F /* NCPhaseManager.m in Sources */ = {isa = PBXBuildFile; fileRef = E73F9B720FB90B9900F93E4F /* NCPhaseManager.m */; };
		E73F9B810FB90B9900F93E4F /* NCSceneManager.h in Headers */ = {isa = PBXBuildFile; fileRef = E73F9B730FB90B9900F93E4F /* NCSceneManager.h */; };
		E73F9B820FB90B9900F93E4F /* NCTaskBase.h in Headers */ = {isa = PBXBuildFile; fileRef = E73F9B740FB90B9900F93E4F /* NCTaskBase.h */; };
		E73F9B830FB90B9900F93E4F /* NCTaskBase.m in Sources */ = {isa = PBXBuildFile; fileRef = E73F9B750FB90B9900F93E4F /* NCTaskBase.m */; };
		E73F9B840FB90B9900F93E4F /* NCTaskManager.h in Headers */ = {isa = PBXBuildFile; fileRef = E73F9B760FB90B9900F93E4F /* NCTaskManager.h */; };
		E73F9B850FB90B9900F93E4F /* NCTaskManager.m in Sources */ = {isa = PBXBuildFile; fileRef = E73F9B770FB90B9900F93E4F /* NCTaskManager.m */; };
		E73F9B860FB90B9900F93E4F /* nineball.h in Headers */ = {isa = PBXBuildFile; fileRef = E73F9B780FB90B9900F93E4F /* nineball.h */; };
		E73F9B870FB90B9900F93E4F /* NIScene.h in Headers */ = {isa = PBXBuildFile; fileRef = E73F9B790FB90B9900F93E4F /* NIScene.h */; };
		E73F9B880FB90B9900F93E4F /* NITask.h in Headers */ = {isa = PBXBuildFile; fileRef = E73F9B7A0FB90B9900F93E4F /* NITask.h */; };
		E73F9B890FB90B9900F93E4F /* NCBundleAlert.h in Headers */ = {isa = PBXBuildFile; fileRef = E73F9B6D0FB90B9900F93E4F /* NCBundleAlert.h */; };
		E73F9B8A0FB90B9900F93E4F /* NCBundleAlert.m in Sources */ = {isa = PBXBuildFile; fileRef = E73F9B6E0FB90B9900F93E4F /* NCBundleAlert.m */; };
		E73F9B8B0FB90B9900F93E4F /* NCInterpolate.h in Headers */ = {isa = PBXBuildFile; fileRef = E73F9B6F0FB90B9900F93E4F /* NCInterpolate.h */; };
		E73F9B8C0FB90B9900F93E4F /* NCInterpolate.m in Sources */ = {isa = PBXBuildFile; fileRef = E73F9B700FB90B9900F93E4F /* NCInterpolate.m */; };
		E73F9B8D0FB90B9900F93E4F /* NCPhaseManager.h in Headers */ = {isa = PBXBuildFile; fileRef = E73F9B710FB90B9900F93E4F /* NCPhaseManager.h */; };
		E73F9B8E0FB90B9900F93E4F /* NCPhaseManager.m in Sources */ = {isa = PBXBuildFile; fileRef = E73F9B720FB90B9900F93E4F /* NCPhaseManager.m */; };
		E73F9B8F0FB90B9900F93E4F /* NCSceneManager.h in Headers */ = {isa = PBXBuildFile; fileRef = E73F9B730FB90B9900F93E4F /* NCSceneManager.h */; };
		E73F9B900FB90B9900F93E4F /* NCTaskBase.h in Headers */ = {isa = PBXBuildFile; fileRef = E73F9B740FB90B9900F93E4F /* NCTaskBase.h */; };
		E73F9B910FB90B9900F93E4F /* NCTaskBase.m in Sources */ = {isa = PBXBuildFile; fileRef = E73F9B750FB90B9900F93E4F /* NCTaskBase.m */; };
		E73F9B920FB90B9900F93E4F /* NCTaskManager.h in Headers */ = {isa = PBXBuildFile; fileRef = E73F9B760FB90B9900F93E4F /* NCTaskManager.h */; };
		E73F9B930FB90B9900F93E4F /* NCTaskManager.m in Sources */ = {isa = PBXBuildFile; fileRef = E73F9B770FB90B9900F93E4F /* NCTaskManager.m */; };
		E73F9B940FB90B9900F93E4F /* nineball.h in Headers */ = {isa = PBXBuildFile; fileRef = E73F9B780FB90B9900F93E4F /* nineball.h */; };
		E73F9B950FB90B9900F93E4F /* NIScene.h in Headers */ = {isa = PBXBuildFile; fileRef = E73F9B790FB90B9900F93E4F /* NIScene.h */; };
		E73F9B960FB90B9900F93E4F /* NITask.h in Headers */ = {isa = PBXBuildFile; fileRef = E73F9B7A0FB90B9900F93E4F /* NITask.h */; };
		E786C87A0FC547290099636D /* NCSceneBase.h in Headers */ = {isa = PBXBuildFile; fileRef = E786C8780FC547290099636D /* NCSceneBase.h */; };
		E786C87B0FC547290099636D /* NCSceneBase.m in Sources */ = {isa = PBXBuildFile; fileRef = E786C8790FC547290099636D /* NCSceneBase.m */; };
		E786C87C0FC547290099636D /* NCSceneBase.h in Headers */ = {isa = PBXBuildFile; fileRef = E786C8780FC547290099636D /* NCSceneBase.h */; };
		E786C87D0FC547290099636D /* NCSceneBase.m in Sources */ = {isa = PBXBuildFile; fileRef = E786C8790FC547290099636D /* NCSceneBase.m */; };
		E7B5E8950FB824F7007C0CDD /* libdanmaqNineballLibrary-Debug.a in Frameworks */ = {isa = PBXBuildFile; fileRef = E7B5E8940FB824F7007C0CDD /* libdanmaqNineballLibrary-Debug.a */; };
		E7B5E8960FB824F7007C0CDD /* libdanmaqNineballLibrary-Debug.a in Frameworks */ = {isa = PBXBuildFile; fileRef = E7B5E8940FB824F7007C0CDD /* libdanmaqNineballLibrary-Debug.a */; };
		E7B5E8980FB8250A007C0CDD /* libdanmaqNineballLibrary-Release.a in Frameworks */ = {isa = PBXBuildFile; fileRef = E7B5E8970FB8250A007C0CDD /* libdanmaqNineballLibrary-Release.a */; };
		E7B5E8990FB8250A007C0CDD /* libdanmaqNineballLibrary-Release.a in Frameworks */ = {isa = PBXBuildFile; fileRef = E7B5E8970FB8250A007C0CDD /* libdanmaqNineballLibrary-Release.a */; };
		E7E890680FBBC1CC00E6042C /* NCSceneManager.m in Sources */ = {isa = PBXBuildFile; fileRef = E7E890670FBBC1CC00E6042C /* NCSceneManager.m */; };
		E7E890690FBBC1CC00E6042C /* NCSceneManager.m in Sources */ = {isa = PBXBuildFile; fileRef = E7E890670FBBC1CC00E6042C /* NCSceneManager.m */; };
/* End PBXBuildFile section */

/* Begin PBXContainerItemProxy section */
		E7B5E8670FB8173F007C0CDD /* PBXContainerItemProxy */ = {
			isa = PBXContainerItemProxy;
			containerPortal = 29B97313FDCFA39411CA2CEA /* Project object */;
			proxyType = 1;
			remoteGlobalIDString = E7B5E80C0FB80BEA007C0CDD;
			remoteInfo = "danmaqNineballLibrary - dev";
		};
		E7B5E8690FB8173F007C0CDD /* PBXContainerItemProxy */ = {
			isa = PBXContainerItemProxy;
			containerPortal = 29B97313FDCFA39411CA2CEA /* Project object */;
			proxyType = 1;
			remoteGlobalIDString = E7B5E8030FB80BCE007C0CDD;
			remoteInfo = "danmaqNineballLibrary - sim";
		};
/* End PBXContainerItemProxy section */

/* Begin PBXFileReference section */
		1D30AB110D05D00D00671497 /* Foundation.framework */ = {isa = PBXFileReference; lastKnownFileType = wrapper.framework; name = Foundation.framework; path = System/Library/Frameworks/Foundation.framework; sourceTree = SDKROOT; };
		1DF5F4DF0D08C38300B7A737 /* UIKit.framework */ = {isa = PBXFileReference; lastKnownFileType = wrapper.framework; name = UIKit.framework; path = System/Library/Frameworks/UIKit.framework; sourceTree = SDKROOT; };
		32CA4F630368D1EE00C91783 /* danmaqNineballLibrary_Prefix.pch */ = {isa = PBXFileReference; fileEncoding = 4; lastKnownFileType = sourcecode.c.h; path = danmaqNineballLibrary_Prefix.pch; sourceTree = "<group>"; };
		E73F9B6D0FB90B9900F93E4F /* NCBundleAlert.h */ = {isa = PBXFileReference; fileEncoding = 4; lastKnownFileType = sourcecode.c.h; path = NCBundleAlert.h; sourceTree = "<group>"; };
		E73F9B6E0FB90B9900F93E4F /* NCBundleAlert.m */ = {isa = PBXFileReference; fileEncoding = 4; lastKnownFileType = sourcecode.c.objc; path = NCBundleAlert.m; sourceTree = "<group>"; };
		E73F9B6F0FB90B9900F93E4F /* NCInterpolate.h */ = {isa = PBXFileReference; fileEncoding = 4; lastKnownFileType = sourcecode.c.h; path = NCInterpolate.h; sourceTree = "<group>"; };
		E73F9B700FB90B9900F93E4F /* NCInterpolate.m */ = {isa = PBXFileReference; fileEncoding = 4; lastKnownFileType = sourcecode.c.objc; path = NCInterpolate.m; sourceTree = "<group>"; };
		E73F9B710FB90B9900F93E4F /* NCPhaseManager.h */ = {isa = PBXFileReference; fileEncoding = 4; lastKnownFileType = sourcecode.c.h; path = NCPhaseManager.h; sourceTree = "<group>"; };
		E73F9B720FB90B9900F93E4F /* NCPhaseManager.m */ = {isa = PBXFileReference; fileEncoding = 4; lastKnownFileType = sourcecode.c.objc; path = NCPhaseManager.m; sourceTree = "<group>"; };
		E73F9B730FB90B9900F93E4F /* NCSceneManager.h */ = {isa = PBXFileReference; fileEncoding = 4; lastKnownFileType = sourcecode.c.h; path = NCSceneManager.h; sourceTree = "<group>"; };
		E73F9B740FB90B9900F93E4F /* NCTaskBase.h */ = {isa = PBXFileReference; fileEncoding = 4; lastKnownFileType = sourcecode.c.h; path = NCTaskBase.h; sourceTree = "<group>"; };
		E73F9B750FB90B9900F93E4F /* NCTaskBase.m */ = {isa = PBXFileReference; fileEncoding = 4; lastKnownFileType = sourcecode.c.objc; path = NCTaskBase.m; sourceTree = "<group>"; };
		E73F9B760FB90B9900F93E4F /* NCTaskManager.h */ = {isa = PBXFileReference; fileEncoding = 4; lastKnownFileType = sourcecode.c.h; path = NCTaskManager.h; sourceTree = "<group>"; };
		E73F9B770FB90B9900F93E4F /* NCTaskManager.m */ = {isa = PBXFileReference; fileEncoding = 4; lastKnownFileType = sourcecode.c.objc; path = NCTaskManager.m; sourceTree = "<group>"; };
		E73F9B780FB90B9900F93E4F /* nineball.h */ = {isa = PBXFileReference; fileEncoding = 4; lastKnownFileType = sourcecode.c.h; path = nineball.h; sourceTree = "<group>"; };
		E73F9B790FB90B9900F93E4F /* NIScene.h */ = {isa = PBXFileReference; fileEncoding = 4; lastKnownFileType = sourcecode.c.h; path = NIScene.h; sourceTree = "<group>"; };
		E73F9B7A0FB90B9900F93E4F /* NITask.h */ = {isa = PBXFileReference; fileEncoding = 4; lastKnownFileType = sourcecode.c.h; path = NITask.h; sourceTree = "<group>"; };
		E786C8780FC547290099636D /* NCSceneBase.h */ = {isa = PBXFileReference; fileEncoding = 4; lastKnownFileType = sourcecode.c.h; path = NCSceneBase.h; sourceTree = "<group>"; };
		E786C8790FC547290099636D /* NCSceneBase.m */ = {isa = PBXFileReference; fileEncoding = 4; lastKnownFileType = sourcecode.c.objc; path = NCSceneBase.m; sourceTree = "<group>"; };
		E7B5E8040FB80BCE007C0CDD /* libdanmaqNineballLibrary - sim.a */ = {isa = PBXFileReference; explicitFileType = archive.ar; includeInIndex = 0; path = "libdanmaqNineballLibrary - sim.a"; sourceTree = BUILT_PRODUCTS_DIR; };
		E7B5E80D0FB80BEA007C0CDD /* libdanmaqNineballLibrary - dev.a */ = {isa = PBXFileReference; explicitFileType = archive.ar; includeInIndex = 0; path = "libdanmaqNineballLibrary - dev.a"; sourceTree = BUILT_PRODUCTS_DIR; };
		E7B5E8940FB824F7007C0CDD /* libdanmaqNineballLibrary-Debug.a */ = {isa = PBXFileReference; lastKnownFileType = archive.ar; name = "libdanmaqNineballLibrary-Debug.a"; path = "build/Debug-iphoneos/libdanmaqNineballLibrary-Debug.a"; sourceTree = "<group>"; };
		E7B5E8970FB8250A007C0CDD /* libdanmaqNineballLibrary-Release.a */ = {isa = PBXFileReference; lastKnownFileType = archive.ar; name = "libdanmaqNineballLibrary-Release.a"; path = "build/Release-iphoneos/libdanmaqNineballLibrary-Release.a"; sourceTree = "<group>"; };
		E7E890670FBBC1CC00E6042C /* NCSceneManager.m */ = {isa = PBXFileReference; fileEncoding = 4; lastKnownFileType = sourcecode.c.objc; path = NCSceneManager.m; sourceTree = "<group>"; };
/* End PBXFileReference section */

/* Begin PBXFrameworksBuildPhase section */
		E7B5E8020FB80BCE007C0CDD /* Frameworks */ = {
			isa = PBXFrameworksBuildPhase;
			buildActionMask = 2147483647;
			files = (
				E7B5E8950FB824F7007C0CDD /* libdanmaqNineballLibrary-Debug.a in Frameworks */,
				E7B5E8980FB8250A007C0CDD /* libdanmaqNineballLibrary-Release.a in Frameworks */,
			);
			runOnlyForDeploymentPostprocessing = 0;
		};
		E7B5E80B0FB80BEA007C0CDD /* Frameworks */ = {
			isa = PBXFrameworksBuildPhase;
			buildActionMask = 2147483647;
			files = (
				E7B5E8960FB824F7007C0CDD /* libdanmaqNineballLibrary-Debug.a in Frameworks */,
				E7B5E8990FB8250A007C0CDD /* libdanmaqNineballLibrary-Release.a in Frameworks */,
			);
			runOnlyForDeploymentPostprocessing = 0;
		};
/* End PBXFrameworksBuildPhase section */

/* Begin PBXGroup section */
		19C28FACFE9D520D11CA2CBB /* Products */ = {
			isa = PBXGroup;
			children = (
				E7B5E8040FB80BCE007C0CDD /* libdanmaqNineballLibrary - sim.a */,
				E7B5E80D0FB80BEA007C0CDD /* libdanmaqNineballLibrary - dev.a */,
			);
			name = Products;
			sourceTree = "<group>";
		};
		29B97314FDCFA39411CA2CEA /* CustomTemplate */ = {
			isa = PBXGroup;
			children = (
				E73F9B6C0FB90B9900F93E4F /* Classes */,
				29B97315FDCFA39411CA2CEA /* Other Sources */,
				29B97317FDCFA39411CA2CEA /* Resources */,
				29B97323FDCFA39411CA2CEA /* Frameworks */,
				19C28FACFE9D520D11CA2CBB /* Products */,
			);
			name = CustomTemplate;
			sourceTree = "<group>";
		};
		29B97315FDCFA39411CA2CEA /* Other Sources */ = {
			isa = PBXGroup;
			children = (
				32CA4F630368D1EE00C91783 /* danmaqNineballLibrary_Prefix.pch */,
			);
			name = "Other Sources";
			sourceTree = "<group>";
		};
		29B97317FDCFA39411CA2CEA /* Resources */ = {
			isa = PBXGroup;
			children = (
			);
			name = Resources;
			sourceTree = "<group>";
		};
		29B97323FDCFA39411CA2CEA /* Frameworks */ = {
			isa = PBXGroup;
			children = (
				1DF5F4DF0D08C38300B7A737 /* UIKit.framework */,
				1D30AB110D05D00D00671497 /* Foundation.framework */,
			);
			name = Frameworks;
			sourceTree = "<group>";
		};
		E73F9B6C0FB90B9900F93E4F /* Classes */ = {
			isa = PBXGroup;
			children = (
				E7E890620FBBC08F00E6042C /* Misc */,
				E7E890610FBBC07C00E6042C /* Core */,
				E73F9B980FB90BBE00F93E4F /* [Nineball] */,
			);
			path = Classes;
			sourceTree = "<group>";
		};
		E73F9B980FB90BBE00F93E4F /* [Nineball] */ = {
			isa = PBXGroup;
			children = (
				E7B5E8930FB82485007C0CDD /* Dist */,
				E73F9B990FB90BCE00F93E4F /* header */,
			);
			name = "[Nineball]";
			sourceTree = "<group>";
		};
		E73F9B990FB90BCE00F93E4F /* header */ = {
			isa = PBXGroup;
			children = (
				E7E890630FBBC0A100E6042C /* Misc */,
				E7E890600FBBC05C00E6042C /* Core */,
				E73F9B780FB90B9900F93E4F /* nineball.h */,
			);
			name = header;
			sourceTree = "<group>";
		};
		E7B5E8930FB82485007C0CDD /* Dist */ = {
			isa = PBXGroup;
			children = (
				E7B5E8970FB8250A007C0CDD /* libdanmaqNineballLibrary-Release.a */,
				E7B5E8940FB824F7007C0CDD /* libdanmaqNineballLibrary-Debug.a */,
			);
			name = Dist;
			path = ..;
			sourceTree = "<group>";
		};
		E7E890600FBBC05C00E6042C /* Core */ = {
			isa = PBXGroup;
			children = (
				E786C8780FC547290099636D /* NCSceneBase.h */,
				E73F9B710FB90B9900F93E4F /* NCPhaseManager.h */,
				E73F9B730FB90B9900F93E4F /* NCSceneManager.h */,
				E73F9B740FB90B9900F93E4F /* NCTaskBase.h */,
				E73F9B760FB90B9900F93E4F /* NCTaskManager.h */,
				E73F9B790FB90B9900F93E4F /* NIScene.h */,
				E73F9B7A0FB90B9900F93E4F /* NITask.h */,
			);
			name = Core;
			sourceTree = "<group>";
		};
		E7E890610FBBC07C00E6042C /* Core */ = {
			isa = PBXGroup;
			children = (
				E73F9B720FB90B9900F93E4F /* NCPhaseManager.m */,
				E73F9B750FB90B9900F93E4F /* NCTaskBase.m */,
				E73F9B770FB90B9900F93E4F /* NCTaskManager.m */,
				E7E890670FBBC1CC00E6042C /* NCSceneManager.m */,
				E786C8790FC547290099636D /* NCSceneBase.m */,
			);
			name = Core;
			sourceTree = "<group>";
		};
		E7E890620FBBC08F00E6042C /* Misc */ = {
			isa = PBXGroup;
			children = (
				E73F9B6E0FB90B9900F93E4F /* NCBundleAlert.m */,
				E73F9B700FB90B9900F93E4F /* NCInterpolate.m */,
			);
			name = Misc;
			sourceTree = "<group>";
		};
		E7E890630FBBC0A100E6042C /* Misc */ = {
			isa = PBXGroup;
			children = (
				E73F9B6D0FB90B9900F93E4F /* NCBundleAlert.h */,
				E73F9B6F0FB90B9900F93E4F /* NCInterpolate.h */,
			);
			name = Misc;
			sourceTree = "<group>";
		};
/* End PBXGroup section */

/* Begin PBXHeadersBuildPhase section */
		E7B5E8000FB80BCE007C0CDD /* Headers */ = {
			isa = PBXHeadersBuildPhase;
			buildActionMask = 2147483647;
			files = (
				E73F9B7B0FB90B9900F93E4F /* NCBundleAlert.h in Headers */,
				E73F9B7D0FB90B9900F93E4F /* NCInterpolate.h in Headers */,
				E73F9B7F0FB90B9900F93E4F /* NCPhaseManager.h in Headers */,
				E73F9B810FB90B9900F93E4F /* NCSceneManager.h in Headers */,
				E73F9B820FB90B9900F93E4F /* NCTaskBase.h in Headers */,
				E73F9B840FB90B9900F93E4F /* NCTaskManager.h in Headers */,
				E73F9B860FB90B9900F93E4F /* nineball.h in Headers */,
				E73F9B870FB90B9900F93E4F /* NIScene.h in Headers */,
				E73F9B880FB90B9900F93E4F /* NITask.h in Headers */,
				E786C87C0FC547290099636D /* NCSceneBase.h in Headers */,
			);
			runOnlyForDeploymentPostprocessing = 0;
		};
		E7B5E8090FB80BEA007C0CDD /* Headers */ = {
			isa = PBXHeadersBuildPhase;
			buildActionMask = 2147483647;
			files = (
				E73F9B890FB90B9900F93E4F /* NCBundleAlert.h in Headers */,
				E73F9B8B0FB90B9900F93E4F /* NCInterpolate.h in Headers */,
				E73F9B8D0FB90B9900F93E4F /* NCPhaseManager.h in Headers */,
				E73F9B8F0FB90B9900F93E4F /* NCSceneManager.h in Headers */,
				E73F9B900FB90B9900F93E4F /* NCTaskBase.h in Headers */,
				E73F9B920FB90B9900F93E4F /* NCTaskManager.h in Headers */,
				E73F9B940FB90B9900F93E4F /* nineball.h in Headers */,
				E73F9B950FB90B9900F93E4F /* NIScene.h in Headers */,
				E73F9B960FB90B9900F93E4F /* NITask.h in Headers */,
				E786C87A0FC547290099636D /* NCSceneBase.h in Headers */,
			);
			runOnlyForDeploymentPostprocessing = 0;
		};
/* End PBXHeadersBuildPhase section */

/* Begin PBXNativeTarget section */
		E7B5E8030FB80BCE007C0CDD /* danmaqNineballLibrary - sim */ = {
			isa = PBXNativeTarget;
			buildConfigurationList = E7B5E8120FB80C08007C0CDD /* Build configuration list for PBXNativeTarget "danmaqNineballLibrary - sim" */;
			buildPhases = (
				E7B5E8000FB80BCE007C0CDD /* Headers */,
				E7B5E8010FB80BCE007C0CDD /* Sources */,
				E7B5E8020FB80BCE007C0CDD /* Frameworks */,
			);
			buildRules = (
			);
			dependencies = (
			);
			name = "danmaqNineballLibrary - sim";
			productName = "danmaqNineballLibrary - sim";
			productReference = E7B5E8040FB80BCE007C0CDD /* libdanmaqNineballLibrary - sim.a */;
			productType = "com.apple.product-type.library.static";
		};
		E7B5E80C0FB80BEA007C0CDD /* danmaqNineballLibrary - dev */ = {
			isa = PBXNativeTarget;
			buildConfigurationList = E7B5E8130FB80C08007C0CDD /* Build configuration list for PBXNativeTarget "danmaqNineballLibrary - dev" */;
			buildPhases = (
				E7B5E8090FB80BEA007C0CDD /* Headers */,
				E7B5E80A0FB80BEA007C0CDD /* Sources */,
				E7B5E80B0FB80BEA007C0CDD /* Frameworks */,
			);
			buildRules = (
			);
			dependencies = (
			);
			name = "danmaqNineballLibrary - dev";
			productName = "danmaqNineballLibrary - dev";
			productReference = E7B5E80D0FB80BEA007C0CDD /* libdanmaqNineballLibrary - dev.a */;
			productType = "com.apple.product-type.library.static";
		};
/* End PBXNativeTarget section */

/* Begin PBXProject section */
		29B97313FDCFA39411CA2CEA /* Project object */ = {
			isa = PBXProject;
			buildConfigurationList = C01FCF4E08A954540054247B /* Build configuration list for PBXProject "danmaqNineballLibrary" */;
			compatibilityVersion = "Xcode 3.1";
			hasScannedForEncodings = 1;
			mainGroup = 29B97314FDCFA39411CA2CEA /* CustomTemplate */;
			projectDirPath = "";
			projectRoot = "";
			targets = (
				E7B5E8030FB80BCE007C0CDD /* danmaqNineballLibrary - sim */,
				E7B5E80C0FB80BEA007C0CDD /* danmaqNineballLibrary - dev */,
				E7B5E8630FB81721007C0CDD /* Build All */,
			);
		};
/* End PBXProject section */

/* Begin PBXShellScriptBuildPhase section */
		E7B5E8620FB81721007C0CDD /* ShellScript */ = {
			isa = PBXShellScriptBuildPhase;
			buildActionMask = 2147483647;
			files = (
			);
			inputPaths = (
			);
			outputPaths = (
			);
			runOnlyForDeploymentPostprocessing = 0;
			shellPath = /bin/sh;
			shellScript = "# remove existing product lib file, just in case\nrm -rf build/${BUILD_STYLE}-iphoneos/libdanmaqNineballLibrary-${BUILD_STYLE}.a\n\n# combine lib files for various platforms into one\nlipo -create \"build/${BUILD_STYLE}-iphoneos/libdanmaqNineballLibrary - dev.a\" \\\n\"build/${BUILD_STYLE}-iphonesimulator/libdanmaqNineballLibrary - sim.a\" \\\n-output \"build/${BUILD_STYLE}-iphoneos/libdanmaqNineballLibrary-${BUILD_STYLE}.a\"\n";
		};
/* End PBXShellScriptBuildPhase section */

/* Begin PBXSourcesBuildPhase section */
		E7B5E8010FB80BCE007C0CDD /* Sources */ = {
			isa = PBXSourcesBuildPhase;
			buildActionMask = 2147483647;
			files = (
				E73F9B7C0FB90B9900F93E4F /* NCBundleAlert.m in Sources */,
				E73F9B7E0FB90B9900F93E4F /* NCInterpolate.m in Sources */,
				E73F9B800FB90B9900F93E4F /* NCPhaseManager.m in Sources */,
				E73F9B830FB90B9900F93E4F /* NCTaskBase.m in Sources */,
				E73F9B850FB90B9900F93E4F /* NCTaskManager.m in Sources */,
				E7E890680FBBC1CC00E6042C /* NCSceneManager.m in Sources */,
				E786C87D0FC547290099636D /* NCSceneBase.m in Sources */,
			);
			runOnlyForDeploymentPostprocessing = 0;
		};
		E7B5E80A0FB80BEA007C0CDD /* Sources */ = {
			isa = PBXSourcesBuildPhase;
			buildActionMask = 2147483647;
			files = (
				E73F9B8A0FB90B9900F93E4F /* NCBundleAlert.m in Sources */,
				E73F9B8C0FB90B9900F93E4F /* NCInterpolate.m in Sources */,
				E73F9B8E0FB90B9900F93E4F /* NCPhaseManager.m in Sources */,
				E73F9B910FB90B9900F93E4F /* NCTaskBase.m in Sources */,
				E73F9B930FB90B9900F93E4F /* NCTaskManager.m in Sources */,
				E7E890690FBBC1CC00E6042C /* NCSceneManager.m in Sources */,
				E786C87B0FC547290099636D /* NCSceneBase.m in Sources */,
			);
			runOnlyForDeploymentPostprocessing = 0;
		};
/* End PBXSourcesBuildPhase section */

/* Begin PBXTargetDependency section */
		E7B5E8680FB8173F007C0CDD /* PBXTargetDependency */ = {
			isa = PBXTargetDependency;
			target = E7B5E80C0FB80BEA007C0CDD /* danmaqNineballLibrary - dev */;
			targetProxy = E7B5E8670FB8173F007C0CDD /* PBXContainerItemProxy */;
		};
		E7B5E86A0FB8173F007C0CDD /* PBXTargetDependency */ = {
			isa = PBXTargetDependency;
			target = E7B5E8030FB80BCE007C0CDD /* danmaqNineballLibrary - sim */;
			targetProxy = E7B5E8690FB8173F007C0CDD /* PBXContainerItemProxy */;
		};
/* End PBXTargetDependency section */

/* Begin XCBuildConfiguration section */
		C01FCF4F08A954540054247B /* Debug */ = {
			isa = XCBuildConfiguration;
			buildSettings = {
				ARCHS = "$(ARCHS_STANDARD_32_BIT)";
				"CODE_SIGN_IDENTITY[sdk=iphoneos*]" = "iPhone Developer";
				GCC_C_LANGUAGE_STANDARD = c99;
				GCC_WARN_ABOUT_RETURN_TYPE = YES;
				GCC_WARN_UNUSED_VARIABLE = YES;
				ONLY_ACTIVE_ARCH = YES;
				PREBINDING = NO;
				SDKROOT = iphoneos2.2.1;
			};
			name = Debug;
		};
		C01FCF5008A954540054247B /* Release */ = {
			isa = XCBuildConfiguration;
			buildSettings = {
				ARCHS = "$(ARCHS_STANDARD_32_BIT)";
				"CODE_SIGN_IDENTITY[sdk=iphoneos*]" = "iPhone Developer";
				GCC_C_LANGUAGE_STANDARD = c99;
				GCC_WARN_ABOUT_RETURN_TYPE = YES;
				GCC_WARN_UNUSED_VARIABLE = YES;
				PREBINDING = NO;
				SDKROOT = iphoneos2.2.1;
			};
			name = Release;
		};
		E7B5E8050FB80BCF007C0CDD /* Debug */ = {
			isa = XCBuildConfiguration;
			buildSettings = {
				ALWAYS_SEARCH_USER_PATHS = NO;
				COPY_PHASE_STRIP = NO;
				GCC_DYNAMIC_NO_PIC = NO;
				GCC_OPTIMIZATION_LEVEL = 0;
				LIBRARY_SEARCH_PATHS = (
					"$(inherited)",
					"\"$(SRCROOT)/build/Debug-iphoneos\"",
					"\"$(SRCROOT)/build/Release-iphoneos\"",
				);
				ONLY_ACTIVE_ARCH = NO;
				PREBINDING = NO;
				PRODUCT_NAME = "danmaqNineballLibrary - sim";
				SDKROOT = iphonesimulator2.2.1;
			};
			name = Debug;
		};
		E7B5E8060FB80BCF007C0CDD /* Release */ = {
			isa = XCBuildConfiguration;
			buildSettings = {
				ALWAYS_SEARCH_USER_PATHS = NO;
				COPY_PHASE_STRIP = YES;
				DEBUG_INFORMATION_FORMAT = "dwarf-with-dsym";
				GCC_ENABLE_FIX_AND_CONTINUE = NO;
				LIBRARY_SEARCH_PATHS = (
					"$(inherited)",
					"\"$(SRCROOT)/build/Debug-iphoneos\"",
					"\"$(SRCROOT)/build/Release-iphoneos\"",
				);
				PREBINDING = NO;
				PRODUCT_NAME = "danmaqNineballLibrary - sim";
				SDKROOT = iphonesimulator2.2.1;
				ZERO_LINK = NO;
			};
			name = Release;
		};
		E7B5E80E0FB80BEA007C0CDD /* Debug */ = {
			isa = XCBuildConfiguration;
			buildSettings = {
				ALWAYS_SEARCH_USER_PATHS = NO;
				COPY_PHASE_STRIP = NO;
				GCC_DYNAMIC_NO_PIC = NO;
				GCC_OPTIMIZATION_LEVEL = 0;
				LIBRARY_SEARCH_PATHS = (
					"$(inherited)",
					"\"$(SRCROOT)/build/Debug-iphoneos\"",
					"\"$(SRCROOT)/build/Release-iphoneos\"",
				);
				ONLY_ACTIVE_ARCH = NO;
				PREBINDING = NO;
				PRODUCT_NAME = "danmaqNineballLibrary - dev";
			};
			name = Debug;
		};
		E7B5E80F0FB80BEA007C0CDD /* Release */ = {
			isa = XCBuildConfiguration;
			buildSettings = {
				ALWAYS_SEARCH_USER_PATHS = NO;
				COPY_PHASE_STRIP = YES;
				DEBUG_INFORMATION_FORMAT = "dwarf-with-dsym";
				GCC_ENABLE_FIX_AND_CONTINUE = NO;
				LIBRARY_SEARCH_PATHS = (
					"$(inherited)",
					"\"$(SRCROOT)/build/Debug-iphoneos\"",
					"\"$(SRCROOT)/build/Release-iphoneos\"",
				);
				PREBINDING = NO;
				PRODUCT_NAME = "danmaqNineballLibrary - dev";
				ZERO_LINK = NO;
			};
			name = Release;
		};
		E7B5E8640FB81721007C0CDD /* Debug */ = {
			isa = XCBuildConfiguration;
			buildSettings = {
				COPY_PHASE_STRIP = NO;
				GCC_DYNAMIC_NO_PIC = NO;
				GCC_OPTIMIZATION_LEVEL = 0;
				PRODUCT_NAME = "Build All";
			};
			name = Debug;
		};
		E7B5E8650FB81721007C0CDD /* Release */ = {
			isa = XCBuildConfiguration;
			buildSettings = {
				COPY_PHASE_STRIP = YES;
				DEBUG_INFORMATION_FORMAT = "dwarf-with-dsym";
				GCC_ENABLE_FIX_AND_CONTINUE = NO;
				PRODUCT_NAME = "Build All";
				ZERO_LINK = NO;
			};
			name = Release;
		};
/* End XCBuildConfiguration section */

/* Begin XCConfigurationList section */
		C01FCF4E08A954540054247B /* Build configuration list for PBXProject "danmaqNineballLibrary" */ = {
			isa = XCConfigurationList;
			buildConfigurations = (
				C01FCF4F08A954540054247B /* Debug */,
				C01FCF5008A954540054247B /* Release */,
			);
			defaultConfigurationIsVisible = 0;
			defaultConfigurationName = Release;
		};
		E7B5E8120FB80C08007C0CDD /* Build configuration list for PBXNativeTarget "danmaqNineballLibrary - sim" */ = {
			isa = XCConfigurationList;
			buildConfigurations = (
				E7B5E8050FB80BCF007C0CDD /* Debug */,
				E7B5E8060FB80BCF007C0CDD /* Release */,
			);
			defaultConfigurationIsVisible = 0;
			defaultConfigurationName = Release;
		};
		E7B5E8130FB80C08007C0CDD /* Build configuration list for PBXNativeTarget "danmaqNineballLibrary - dev" */ = {
			isa = XCConfigurationList;
			buildConfigurations = (
				E7B5E80E0FB80BEA007C0CDD /* Debug */,
				E7B5E80F0FB80BEA007C0CDD /* Release */,
			);
			defaultConfigurationIsVisible = 0;
			defaultConfigurationName = Release;
		};
		E7B5E8660FB8173F007C0CDD /* Build configuration list for PBXAggregateTarget "Build All" */ = {
			isa = XCConfigurationList;
			buildConfigurations = (
				E7B5E8640FB81721007C0CDD /* Debug */,
				E7B5E8650FB81721007C0CDD /* Release */,
			);
			defaultConfigurationIsVisible = 0;
			defaultConfigurationName = Release;
		};
/* End XCConfigurationList section */
	};
	rootObject = 29B97313FDCFA39411CA2CEA /* Project object */;
}
