
Microsoft Visual Studio Solution File, Format Version 10.00
# Visual Studio 2008
Project("{FAE04EC0-301F-11D3-BF4B-00C04F79EFBC}") = "Nineball", "Nineball\Nineball.csproj", "{B61980C5-7B01-4BEA-A1B5-629A25F72661}"
EndProject
Project("{FAE04EC0-301F-11D3-BF4B-00C04F79EFBC}") = "CommonCPE", "Example\CommonCPE\CommonCPE.csproj", "{2FF73852-FF08-4125-85C1-674694860F1D}"
EndProject
Project("{FAE04EC0-301F-11D3-BF4B-00C04F79EFBC}") = "Ball", "Example\Ball\Ball.csproj", "{603DF31F-102F-4260-B370-66D7CD5B80DE}"
EndProject
Project("{FAE04EC0-301F-11D3-BF4B-00C04F79EFBC}") = "InterpolateTest", "InterpolateTest\InterpolateTest.csproj", "{60916CC9-803B-4227-A601-8BDABC205197}"
EndProject
Global
	GlobalSection(SubversionScc) = preSolution
		Svn-Managed = True
		Manager = AnkhSVN - Subversion Support for Visual Studio
	EndGlobalSection
	GlobalSection(SolutionConfigurationPlatforms) = preSolution
		Debug|Mixed Platforms = Debug|Mixed Platforms
		Debug|x86 = Debug|x86
		Debug|Xbox 360 = Debug|Xbox 360
		Release|Mixed Platforms = Release|Mixed Platforms
		Release|x86 = Release|x86
		Release|Xbox 360 = Release|Xbox 360
	EndGlobalSection
	GlobalSection(ProjectConfigurationPlatforms) = postSolution
		{B61980C5-7B01-4BEA-A1B5-629A25F72661}.Debug|Mixed Platforms.ActiveCfg = Debug|x86
		{B61980C5-7B01-4BEA-A1B5-629A25F72661}.Debug|Mixed Platforms.Build.0 = Debug|x86
		{B61980C5-7B01-4BEA-A1B5-629A25F72661}.Debug|x86.ActiveCfg = Debug|x86
		{B61980C5-7B01-4BEA-A1B5-629A25F72661}.Debug|x86.Build.0 = Debug|x86
		{B61980C5-7B01-4BEA-A1B5-629A25F72661}.Debug|Xbox 360.ActiveCfg = Debug|x86
		{B61980C5-7B01-4BEA-A1B5-629A25F72661}.Release|Mixed Platforms.ActiveCfg = Release|x86
		{B61980C5-7B01-4BEA-A1B5-629A25F72661}.Release|Mixed Platforms.Build.0 = Release|x86
		{B61980C5-7B01-4BEA-A1B5-629A25F72661}.Release|x86.ActiveCfg = Release|x86
		{B61980C5-7B01-4BEA-A1B5-629A25F72661}.Release|x86.Build.0 = Release|x86
		{B61980C5-7B01-4BEA-A1B5-629A25F72661}.Release|Xbox 360.ActiveCfg = Release|x86
		{2FF73852-FF08-4125-85C1-674694860F1D}.Debug|Mixed Platforms.ActiveCfg = Debug|Xbox 360
		{2FF73852-FF08-4125-85C1-674694860F1D}.Debug|Mixed Platforms.Build.0 = Debug|Xbox 360
		{2FF73852-FF08-4125-85C1-674694860F1D}.Debug|x86.ActiveCfg = Debug|x86
		{2FF73852-FF08-4125-85C1-674694860F1D}.Debug|x86.Build.0 = Debug|x86
		{2FF73852-FF08-4125-85C1-674694860F1D}.Debug|Xbox 360.ActiveCfg = Debug|Xbox 360
		{2FF73852-FF08-4125-85C1-674694860F1D}.Debug|Xbox 360.Build.0 = Debug|Xbox 360
		{2FF73852-FF08-4125-85C1-674694860F1D}.Release|Mixed Platforms.ActiveCfg = Release|Xbox 360
		{2FF73852-FF08-4125-85C1-674694860F1D}.Release|Mixed Platforms.Build.0 = Release|Xbox 360
		{2FF73852-FF08-4125-85C1-674694860F1D}.Release|x86.ActiveCfg = Release|x86
		{2FF73852-FF08-4125-85C1-674694860F1D}.Release|x86.Build.0 = Release|x86
		{2FF73852-FF08-4125-85C1-674694860F1D}.Release|Xbox 360.ActiveCfg = Release|Xbox 360
		{2FF73852-FF08-4125-85C1-674694860F1D}.Release|Xbox 360.Build.0 = Release|Xbox 360
		{603DF31F-102F-4260-B370-66D7CD5B80DE}.Debug|Mixed Platforms.ActiveCfg = Debug|x86
		{603DF31F-102F-4260-B370-66D7CD5B80DE}.Debug|Mixed Platforms.Build.0 = Debug|x86
		{603DF31F-102F-4260-B370-66D7CD5B80DE}.Debug|x86.ActiveCfg = Debug|x86
		{603DF31F-102F-4260-B370-66D7CD5B80DE}.Debug|x86.Build.0 = Debug|x86
		{603DF31F-102F-4260-B370-66D7CD5B80DE}.Debug|Xbox 360.ActiveCfg = Debug|x86
		{603DF31F-102F-4260-B370-66D7CD5B80DE}.Release|Mixed Platforms.ActiveCfg = Release|x86
		{603DF31F-102F-4260-B370-66D7CD5B80DE}.Release|Mixed Platforms.Build.0 = Release|x86
		{603DF31F-102F-4260-B370-66D7CD5B80DE}.Release|x86.ActiveCfg = Release|x86
		{603DF31F-102F-4260-B370-66D7CD5B80DE}.Release|x86.Build.0 = Release|x86
		{603DF31F-102F-4260-B370-66D7CD5B80DE}.Release|Xbox 360.ActiveCfg = Release|x86
		{904F470F-4DEC-4DF1-B51F-41CF84A41ECC}.Debug|Mixed Platforms.ActiveCfg = Debug|x86
		{904F470F-4DEC-4DF1-B51F-41CF84A41ECC}.Debug|x86.ActiveCfg = Debug|x86
		{904F470F-4DEC-4DF1-B51F-41CF84A41ECC}.Debug|Xbox 360.ActiveCfg = Debug|x86
		{904F470F-4DEC-4DF1-B51F-41CF84A41ECC}.Release|Mixed Platforms.ActiveCfg = Release|x86
		{904F470F-4DEC-4DF1-B51F-41CF84A41ECC}.Release|x86.ActiveCfg = Release|x86
		{904F470F-4DEC-4DF1-B51F-41CF84A41ECC}.Release|Xbox 360.ActiveCfg = Release|x86
		{60916CC9-803B-4227-A601-8BDABC205197}.Debug|Mixed Platforms.ActiveCfg = Debug|x86
		{60916CC9-803B-4227-A601-8BDABC205197}.Debug|Mixed Platforms.Build.0 = Debug|x86
		{60916CC9-803B-4227-A601-8BDABC205197}.Debug|x86.ActiveCfg = Debug|x86
		{60916CC9-803B-4227-A601-8BDABC205197}.Debug|x86.Build.0 = Debug|x86
		{60916CC9-803B-4227-A601-8BDABC205197}.Debug|Xbox 360.ActiveCfg = Debug|x86
		{60916CC9-803B-4227-A601-8BDABC205197}.Release|Mixed Platforms.ActiveCfg = Release|x86
		{60916CC9-803B-4227-A601-8BDABC205197}.Release|Mixed Platforms.Build.0 = Release|x86
		{60916CC9-803B-4227-A601-8BDABC205197}.Release|x86.ActiveCfg = Release|x86
		{60916CC9-803B-4227-A601-8BDABC205197}.Release|x86.Build.0 = Release|x86
		{60916CC9-803B-4227-A601-8BDABC205197}.Release|Xbox 360.ActiveCfg = Release|x86
		{30FF02D5-AD65-4F61-8670-B2659C2910E0}.Debug|Mixed Platforms.ActiveCfg = Debug|x86
		{30FF02D5-AD65-4F61-8670-B2659C2910E0}.Debug|x86.ActiveCfg = Debug|x86
		{30FF02D5-AD65-4F61-8670-B2659C2910E0}.Debug|Xbox 360.ActiveCfg = Debug|x86
		{30FF02D5-AD65-4F61-8670-B2659C2910E0}.Release|Mixed Platforms.ActiveCfg = Release|x86
		{30FF02D5-AD65-4F61-8670-B2659C2910E0}.Release|x86.ActiveCfg = Release|x86
		{30FF02D5-AD65-4F61-8670-B2659C2910E0}.Release|Xbox 360.ActiveCfg = Release|x86
	EndGlobalSection
	GlobalSection(SolutionProperties) = preSolution
		HideSolutionNode = FALSE
	EndGlobalSection
EndGlobal
